
Microsoft Visual Studio Solution File, Format Version 12.00
# Visual Studio Version 17
VisualStudioVersion = 17.2.32602.215
MinimumVisualStudioVersion = 10.0.40219.1
Project("{888888A0-9F3D-457C-B088-3A5042F75D52}") = "biopsy-localization-python", "biopsy-localization-python\biopsy-localization-python.pyproj", "{C5E92580-2548-4A27-8BA3-504396987718}"
EndProject
Global
	GlobalSection(SolutionConfigurationPlatforms) = preSolution
		Debug|Any CPU = Debug|Any CPU
		Release|Any CPU = Release|Any CPU
	EndGlobalSection
	GlobalSection(ProjectConfigurationPlatforms) = postSolution
		{C5E92580-2548-4A27-8BA3-504396987718}.Debug|Any CPU.ActiveCfg = Debug|Any CPU
		{C5E92580-2548-4A27-8BA3-504396987718}.Release|Any CPU.ActiveCfg = Release|Any CPU
	EndGlobalSection
	GlobalSection(SolutionProperties) = preSolution
		HideSolutionNode = FALSE
	EndGlobalSection
	GlobalSection(ExtensibilityGlobals) = postSolution
		SolutionGuid = {8BC10E4E-0F2B-4B1D-A025-8A564AB59184}
	EndGlobalSection
EndGlobal
